// !$*UTF8*$!
{
	archiveVersion = 1;
	classes = {
	};
	objectVersion = 77;
	objects = {

/* Begin PBXBuildFile section */
		0311A37FE2C7BF19F55948FA /* ScanViewModel.swift in Sources */ = {isa = PBXBuildFile; fileRef = A2EF1450DA7F131DAE378539 /* ScanViewModel.swift */; };
		0547D783C2969C03E9AE4A9B /* SunburstChart.swift in Sources */ = {isa = PBXBuildFile; fileRef = A22799EC27F3878A28E92A74 /* SunburstChart.swift */; };
		0C3CC5F272C51E2D497C0B54 /* FileScanner.swift in Sources */ = {isa = PBXBuildFile; fileRef = 14BECC25C32D412C2DB15599 /* FileScanner.swift */; };
		31FAFF8A0D0CDF349F90577F /* GlassSurfaces.swift in Sources */ = {isa = PBXBuildFile; fileRef = CDF8B61DD701FAE1208BB3C8 /* GlassSurfaces.swift */; };
		FACADE000000000000000002 /* CollectorDock.swift in Sources */ = {isa = PBXBuildFile; fileRef = FACADE000000000000000001 /* CollectorDock.swift */; };
		FACADE000000000000000004 /* StorageSources.swift in Sources */ = {isa = PBXBuildFile; fileRef = FACADE000000000000000003 /* StorageSources.swift */; };
		FACADE000000000000000006 /* CleanupSuggestions.swift in Sources */ = {isa = PBXBuildFile; fileRef = FACADE000000000000000005 /* CleanupSuggestions.swift */; };
		FACADE000000000000000008 /* CleanupSuggestionsView.swift in Sources */ = {isa = PBXBuildFile; fileRef = FACADE000000000000000007 /* CleanupSuggestionsView.swift */; };
		FACADE00000000000000000A /* SmartCleanupClassifier.swift in Sources */ = {isa = PBXBuildFile; fileRef = FACADE000000000000000009 /* SmartCleanupClassifier.swift */; };
		FACADE00000000000000000E /* CleanupQuery.swift in Sources */ = {isa = PBXBuildFile; fileRef = FACADE00000000000000000D /* CleanupQuery.swift */; };
		FACADE000000000000000010 /* IntentPlanner.swift in Sources */ = {isa = PBXBuildFile; fileRef = FACADE00000000000000000F /* IntentPlanner.swift */; };
		FACADE000000000000000012 /* NaturalLanguageCleanupView.swift in Sources */ = {isa = PBXBuildFile; fileRef = FACADE000000000000000011 /* NaturalLanguageCleanupView.swift */; };
		FACADE000000000000000014 /* DuplicateFinder.swift in Sources */ = {isa = PBXBuildFile; fileRef = FACADE000000000000000013 /* DuplicateFinder.swift */; };
		FACADE000000000000000020 /* LocalAI.swift in Sources */ = {isa = PBXBuildFile; fileRef = FACADE00000000000000001F /* LocalAI.swift */; };
		FACADE000000000000000022 /* CleanupActionBar.swift in Sources */ = {isa = PBXBuildFile; fileRef = FACADE000000000000000021 /* CleanupActionBar.swift */; };
		FACADE000000000000000024 /* MLXRunner.swift in Sources */ = {isa = PBXBuildFile; fileRef = FACADE000000000000000023 /* MLXRunner.swift */; };
		FACADE000000000000000026 /* HiddenSpace.swift in Sources */ = {isa = PBXBuildFile; fileRef = FACADE000000000000000025 /* HiddenSpace.swift */; };
		FACADE000000000000000028 /* HiddenSpaceView.swift in Sources */ = {isa = PBXBuildFile; fileRef = FACADE000000000000000027 /* HiddenSpaceView.swift */; };
		FACADE00000000000000002A /* FileKind.swift in Sources */ = {isa = PBXBuildFile; fileRef = FACADE000000000000000029 /* FileKind.swift */; };
		FACADE00000000000000002C /* ByKindView.swift in Sources */ = {isa = PBXBuildFile; fileRef = FACADE00000000000000002B /* ByKindView.swift */; };
		FACADE00000000000000002E /* LargeOldFiles.swift in Sources */ = {isa = PBXBuildFile; fileRef = FACADE00000000000000002D /* LargeOldFiles.swift */; };
		FACADE000000000000000030 /* LargeOldFilesView.swift in Sources */ = {isa = PBXBuildFile; fileRef = FACADE00000000000000002F /* LargeOldFilesView.swift */; };
		FACADE000000000000000032 /* FileSearch.swift in Sources */ = {isa = PBXBuildFile; fileRef = FACADE000000000000000031 /* FileSearch.swift */; };
		FACADE000000000000000034 /* FileSearchView.swift in Sources */ = {isa = PBXBuildFile; fileRef = FACADE000000000000000033 /* FileSearchView.swift */; };
		FACADE000000000000000036 /* AppUninstaller.swift in Sources */ = {isa = PBXBuildFile; fileRef = FACADE000000000000000035 /* AppUninstaller.swift */; };
		FACADE000000000000000038 /* AppUninstallerView.swift in Sources */ = {isa = PBXBuildFile; fileRef = FACADE000000000000000037 /* AppUninstallerView.swift */; };
		FACADE00000000000000003A /* FolderExplainer.swift in Sources */ = {isa = PBXBuildFile; fileRef = FACADE000000000000000039 /* FolderExplainer.swift */; };
		FACADE00000000000000003C /* FinderService.swift in Sources */ = {isa = PBXBuildFile; fileRef = FACADE00000000000000003B /* FinderService.swift */; };
		FACADE000000000000000111 /* MLXLLM in Frameworks */ = {isa = PBXBuildFile; productRef = FACADE000000000000000101 /* MLXLLM */; };
		FACADE000000000000000112 /* MLXLMCommon in Frameworks */ = {isa = PBXBuildFile; productRef = FACADE000000000000000102 /* MLXLMCommon */; };
		FACADE000000000000000018 /* PremiumUI.swift in Sources */ = {isa = PBXBuildFile; fileRef = FACADE000000000000000017 /* PremiumUI.swift */; };
		FACADE00000000000000001A /* DuplicateFinderView.swift in Sources */ = {isa = PBXBuildFile; fileRef = FACADE000000000000000019 /* DuplicateFinderView.swift */; };
		FACADE00000000000000001C /* SmartSuggestionsView.swift in Sources */ = {isa = PBXBuildFile; fileRef = FACADE00000000000000001B /* SmartSuggestionsView.swift */; };
		60ADFADC631518C7D4917629 /* InspectorView.swift in Sources */ = {isa = PBXBuildFile; fileRef = 136FA6DA4546458D405F4D38 /* InspectorView.swift */; };
		63BDE4AC31181AF946BB6324 /* ViewModelTests.swift in Sources */ = {isa = PBXBuildFile; fileRef = 8A7F392BD6C036181ABA6E22 /* ViewModelTests.swift */; };
		66464E106EA850FA6B7F855F /* DeletionService.swift in Sources */ = {isa = PBXBuildFile; fileRef = 7926B52A79D2A820F25AF809 /* DeletionService.swift */; };
		7D339ADA7F390D9F34F7A4D1 /* Theme.swift in Sources */ = {isa = PBXBuildFile; fileRef = 1E34A8E0B2233C2B5EA9FFE1 /* Theme.swift */; };
		90D0AECEE8DAE38C1F5E301E /* BulkReader.c in Sources */ = {isa = PBXBuildFile; fileRef = EA25F9BF10EDE58E854FE0E6 /* BulkReader.c */; };
		A3AA97208A6C81E052A0ECBB /* Sidebar.swift in Sources */ = {isa = PBXBuildFile; fileRef = 85B75DFA4820FD837D699B3F /* Sidebar.swift */; };
		AD90F8F4C988E9F06DDAB873 /* FileNode.swift in Sources */ = {isa = PBXBuildFile; fileRef = 9ACF3D7AE52318FAB11AFC24 /* FileNode.swift */; };
		B2D1E7189A4AACB33905A70A /* DebugAutomation.swift in Sources */ = {isa = PBXBuildFile; fileRef = 52D17682C03471DB6FE5BAC9 /* DebugAutomation.swift */; };
		B40DF85044A12E2F7076BB03 /* StorageOptimizerApp.swift in Sources */ = {isa = PBXBuildFile; fileRef = C5954AC735E1A8256EDFDE1D /* StorageOptimizerApp.swift */; };
		BDD3789B507C4EBF852E55AF /* LayoutTests.swift in Sources */ = {isa = PBXBuildFile; fileRef = A9ECCAD27253345F26B22237 /* LayoutTests.swift */; };
		C7C1B88B99DBF460C480265D /* ContentView.swift in Sources */ = {isa = PBXBuildFile; fileRef = F655824E790F4A1A9FCB19B2 /* ContentView.swift */; };
		D0A4691F818CD85261FE23E1 /* BulkDirScanner.swift in Sources */ = {isa = PBXBuildFile; fileRef = ED0D3ED4A340442D741C40C6 /* BulkDirScanner.swift */; };
		DF1F9DB8C555F6BC447DC4C0 /* EngineTests.swift in Sources */ = {isa = PBXBuildFile; fileRef = ACFDCAB20E8FA97583AD2706 /* EngineTests.swift */; };
/* End PBXBuildFile section */

/* Begin PBXContainerItemProxy section */
		104C69DAB25A91DE3F5C19B4 /* PBXContainerItemProxy */ = {
			isa = PBXContainerItemProxy;
			containerPortal = 18ABA8804E1728C9F6F6602D /* Project object */;
			proxyType = 1;
			remoteGlobalIDString = 59466466AA65229C3DE4171F;
			remoteInfo = StorageOptimizer;
		};
/* End PBXContainerItemProxy section */

/* Begin PBXFileReference section */
		123BE699CC4659B27483C5FA /* StorageOptimizer.app */ = {isa = PBXFileReference; explicitFileType = wrapper.application; includeInIndex = 0; path = StorageOptimizer.app; sourceTree = BUILT_PRODUCTS_DIR; };
		136FA6DA4546458D405F4D38 /* InspectorView.swift */ = {isa = PBXFileReference; lastKnownFileType = sourcecode.swift; path = InspectorView.swift; sourceTree = "<group>"; };
		14BECC25C32D412C2DB15599 /* FileScanner.swift */ = {isa = PBXFileReference; lastKnownFileType = sourcecode.swift; path = FileScanner.swift; sourceTree = "<group>"; };
		1E34A8E0B2233C2B5EA9FFE1 /* Theme.swift */ = {isa = PBXFileReference; lastKnownFileType = sourcecode.swift; path = Theme.swift; sourceTree = "<group>"; };
		4D9B500016263ACA4BF78C4B /* StorageOptimizer.entitlements */ = {isa = PBXFileReference; lastKnownFileType = text.plist.entitlements; path = StorageOptimizer.entitlements; sourceTree = "<group>"; };
		52D17682C03471DB6FE5BAC9 /* DebugAutomation.swift */ = {isa = PBXFileReference; lastKnownFileType = sourcecode.swift; path = DebugAutomation.swift; sourceTree = "<group>"; };
		5DC066D847E641A17B0DB6AF /* BulkReader.h */ = {isa = PBXFileReference; lastKnownFileType = sourcecode.c.h; path = BulkReader.h; sourceTree = "<group>"; };
		6420CDE63EFE0F46919442BC /* Info.plist */ = {isa = PBXFileReference; lastKnownFileType = text.plist; path = Info.plist; sourceTree = "<group>"; };
		7926B52A79D2A820F25AF809 /* DeletionService.swift */ = {isa = PBXFileReference; lastKnownFileType = sourcecode.swift; path = DeletionService.swift; sourceTree = "<group>"; };
		79C1D1444458486D1635EA98 /* StorageOptimizerTests.xctest */ = {isa = PBXFileReference; explicitFileType = wrapper.cfbundle; includeInIndex = 0; path = StorageOptimizerTests.xctest; sourceTree = BUILT_PRODUCTS_DIR; };
		85B75DFA4820FD837D699B3F /* Sidebar.swift */ = {isa = PBXFileReference; lastKnownFileType = sourcecode.swift; path = Sidebar.swift; sourceTree = "<group>"; };
		8A7F392BD6C036181ABA6E22 /* ViewModelTests.swift */ = {isa = PBXFileReference; lastKnownFileType = sourcecode.swift; path = ViewModelTests.swift; sourceTree = "<group>"; };
		9ACF3D7AE52318FAB11AFC24 /* FileNode.swift */ = {isa = PBXFileReference; lastKnownFileType = sourcecode.swift; path = FileNode.swift; sourceTree = "<group>"; };
		A22799EC27F3878A28E92A74 /* SunburstChart.swift */ = {isa = PBXFileReference; lastKnownFileType = sourcecode.swift; path = SunburstChart.swift; sourceTree = "<group>"; };
		A2EF1450DA7F131DAE378539 /* ScanViewModel.swift */ = {isa = PBXFileReference; lastKnownFileType = sourcecode.swift; path = ScanViewModel.swift; sourceTree = "<group>"; };
		A9ECCAD27253345F26B22237 /* LayoutTests.swift */ = {isa = PBXFileReference; lastKnownFileType = sourcecode.swift; path = LayoutTests.swift; sourceTree = "<group>"; };
		ACFDCAB20E8FA97583AD2706 /* EngineTests.swift */ = {isa = PBXFileReference; lastKnownFileType = sourcecode.swift; path = EngineTests.swift; sourceTree = "<group>"; };
		C5954AC735E1A8256EDFDE1D /* StorageOptimizerApp.swift */ = {isa = PBXFileReference; lastKnownFileType = sourcecode.swift; path = StorageOptimizerApp.swift; sourceTree = "<group>"; };
		CDF8B61DD701FAE1208BB3C8 /* GlassSurfaces.swift */ = {isa = PBXFileReference; lastKnownFileType = sourcecode.swift; path = GlassSurfaces.swift; sourceTree = "<group>"; };
		FACADE000000000000000001 /* CollectorDock.swift */ = {isa = PBXFileReference; lastKnownFileType = sourcecode.swift; path = CollectorDock.swift; sourceTree = "<group>"; };
		FACADE000000000000000003 /* StorageSources.swift */ = {isa = PBXFileReference; lastKnownFileType = sourcecode.swift; path = StorageSources.swift; sourceTree = "<group>"; };
		FACADE000000000000000005 /* CleanupSuggestions.swift */ = {isa = PBXFileReference; lastKnownFileType = sourcecode.swift; path = CleanupSuggestions.swift; sourceTree = "<group>"; };
		FACADE000000000000000007 /* CleanupSuggestionsView.swift */ = {isa = PBXFileReference; lastKnownFileType = sourcecode.swift; path = CleanupSuggestionsView.swift; sourceTree = "<group>"; };
		FACADE000000000000000009 /* SmartCleanupClassifier.swift */ = {isa = PBXFileReference; lastKnownFileType = sourcecode.swift; path = SmartCleanupClassifier.swift; sourceTree = "<group>"; };
		FACADE00000000000000000D /* CleanupQuery.swift */ = {isa = PBXFileReference; lastKnownFileType = sourcecode.swift; path = CleanupQuery.swift; sourceTree = "<group>"; };
		FACADE00000000000000000F /* IntentPlanner.swift */ = {isa = PBXFileReference; lastKnownFileType = sourcecode.swift; path = IntentPlanner.swift; sourceTree = "<group>"; };
		FACADE000000000000000011 /* NaturalLanguageCleanupView.swift */ = {isa = PBXFileReference; lastKnownFileType = sourcecode.swift; path = NaturalLanguageCleanupView.swift; sourceTree = "<group>"; };
		FACADE000000000000000013 /* DuplicateFinder.swift */ = {isa = PBXFileReference; lastKnownFileType = sourcecode.swift; path = DuplicateFinder.swift; sourceTree = "<group>"; };
		FACADE00000000000000001F /* LocalAI.swift */ = {isa = PBXFileReference; lastKnownFileType = sourcecode.swift; path = LocalAI.swift; sourceTree = "<group>"; };
		FACADE000000000000000021 /* CleanupActionBar.swift */ = {isa = PBXFileReference; lastKnownFileType = sourcecode.swift; path = CleanupActionBar.swift; sourceTree = "<group>"; };
		FACADE000000000000000023 /* MLXRunner.swift */ = {isa = PBXFileReference; lastKnownFileType = sourcecode.swift; path = MLXRunner.swift; sourceTree = "<group>"; };
		FACADE000000000000000025 /* HiddenSpace.swift */ = {isa = PBXFileReference; lastKnownFileType = sourcecode.swift; path = HiddenSpace.swift; sourceTree = "<group>"; };
		FACADE000000000000000027 /* HiddenSpaceView.swift */ = {isa = PBXFileReference; lastKnownFileType = sourcecode.swift; path = HiddenSpaceView.swift; sourceTree = "<group>"; };
		FACADE000000000000000029 /* FileKind.swift */ = {isa = PBXFileReference; lastKnownFileType = sourcecode.swift; path = FileKind.swift; sourceTree = "<group>"; };
		FACADE00000000000000002B /* ByKindView.swift */ = {isa = PBXFileReference; lastKnownFileType = sourcecode.swift; path = ByKindView.swift; sourceTree = "<group>"; };
		FACADE00000000000000002D /* LargeOldFiles.swift */ = {isa = PBXFileReference; lastKnownFileType = sourcecode.swift; path = LargeOldFiles.swift; sourceTree = "<group>"; };
		FACADE00000000000000002F /* LargeOldFilesView.swift */ = {isa = PBXFileReference; lastKnownFileType = sourcecode.swift; path = LargeOldFilesView.swift; sourceTree = "<group>"; };
		FACADE000000000000000031 /* FileSearch.swift */ = {isa = PBXFileReference; lastKnownFileType = sourcecode.swift; path = FileSearch.swift; sourceTree = "<group>"; };
		FACADE000000000000000033 /* FileSearchView.swift */ = {isa = PBXFileReference; lastKnownFileType = sourcecode.swift; path = FileSearchView.swift; sourceTree = "<group>"; };
		FACADE000000000000000035 /* AppUninstaller.swift */ = {isa = PBXFileReference; lastKnownFileType = sourcecode.swift; path = AppUninstaller.swift; sourceTree = "<group>"; };
		FACADE000000000000000037 /* AppUninstallerView.swift */ = {isa = PBXFileReference; lastKnownFileType = sourcecode.swift; path = AppUninstallerView.swift; sourceTree = "<group>"; };
		FACADE000000000000000039 /* FolderExplainer.swift */ = {isa = PBXFileReference; lastKnownFileType = sourcecode.swift; path = FolderExplainer.swift; sourceTree = "<group>"; };
		FACADE00000000000000003B /* FinderService.swift */ = {isa = PBXFileReference; lastKnownFileType = sourcecode.swift; path = FinderService.swift; sourceTree = "<group>"; };
		FACADE000000000000000017 /* PremiumUI.swift */ = {isa = PBXFileReference; lastKnownFileType = sourcecode.swift; path = PremiumUI.swift; sourceTree = "<group>"; };
		FACADE000000000000000019 /* DuplicateFinderView.swift */ = {isa = PBXFileReference; lastKnownFileType = sourcecode.swift; path = DuplicateFinderView.swift; sourceTree = "<group>"; };
		FACADE00000000000000001B /* SmartSuggestionsView.swift */ = {isa = PBXFileReference; lastKnownFileType = sourcecode.swift; path = SmartSuggestionsView.swift; sourceTree = "<group>"; };
		D4949ABD498D6E2BD6A2FBCD /* StorageOptimizer-Bridging-Header.h */ = {isa = PBXFileReference; lastKnownFileType = sourcecode.c.h; path = "StorageOptimizer-Bridging-Header.h"; sourceTree = "<group>"; };
		EA25F9BF10EDE58E854FE0E6 /* BulkReader.c */ = {isa = PBXFileReference; lastKnownFileType = sourcecode.c.c; path = BulkReader.c; sourceTree = "<group>"; };
		ED0D3ED4A340442D741C40C6 /* BulkDirScanner.swift */ = {isa = PBXFileReference; lastKnownFileType = sourcecode.swift; path = BulkDirScanner.swift; sourceTree = "<group>"; };
		F655824E790F4A1A9FCB19B2 /* ContentView.swift */ = {isa = PBXFileReference; lastKnownFileType = sourcecode.swift; path = ContentView.swift; sourceTree = "<group>"; };
/* End PBXFileReference section */

/* Begin PBXGroup section */
		169D8B8E62A6EC830C871F5C = {
			isa = PBXGroup;
			children = (
				F86139F245933C74CEB7A394 /* StorageOptimizer */,
				19674189024756034CDF43F7 /* StorageOptimizerTests */,
				5F5F62128C67BA8480F01135 /* Products */,
			);
			sourceTree = "<group>";
		};
		19674189024756034CDF43F7 /* StorageOptimizerTests */ = {
			isa = PBXGroup;
			children = (
				ACFDCAB20E8FA97583AD2706 /* EngineTests.swift */,
				A9ECCAD27253345F26B22237 /* LayoutTests.swift */,
				8A7F392BD6C036181ABA6E22 /* ViewModelTests.swift */,
			);
			path = StorageOptimizerTests;
			sourceTree = "<group>";
		};
		1E0810F2D332F34A057AA734 /* Views */ = {
			isa = PBXGroup;
			children = (
				F655824E790F4A1A9FCB19B2 /* ContentView.swift */,
				FACADE000000000000000001 /* CollectorDock.swift */,
				FACADE000000000000000003 /* StorageSources.swift */,
				FACADE000000000000000007 /* CleanupSuggestionsView.swift */,
				FACADE000000000000000011 /* NaturalLanguageCleanupView.swift */,
				FACADE000000000000000017 /* PremiumUI.swift */,
				FACADE000000000000000019 /* DuplicateFinderView.swift */,
				FACADE000000000000000021 /* CleanupActionBar.swift */,
				FACADE000000000000000027 /* HiddenSpaceView.swift */,
				FACADE00000000000000002B /* ByKindView.swift */,
				FACADE00000000000000002F /* LargeOldFilesView.swift */,
				FACADE000000000000000033 /* FileSearchView.swift */,
				FACADE000000000000000037 /* AppUninstallerView.swift */,
				FACADE00000000000000001B /* SmartSuggestionsView.swift */,
				CDF8B61DD701FAE1208BB3C8 /* GlassSurfaces.swift */,
				136FA6DA4546458D405F4D38 /* InspectorView.swift */,
				85B75DFA4820FD837D699B3F /* Sidebar.swift */,
				A22799EC27F3878A28E92A74 /* SunburstChart.swift */,
				1E34A8E0B2233C2B5EA9FFE1 /* Theme.swift */,
			);
			path = Views;
			sourceTree = "<group>";
		};
		37CD2902C3894C33E82EE1D4 /* Engine */ = {
			isa = PBXGroup;
			children = (
				ED0D3ED4A340442D741C40C6 /* BulkDirScanner.swift */,
				EA25F9BF10EDE58E854FE0E6 /* BulkReader.c */,
				5DC066D847E641A17B0DB6AF /* BulkReader.h */,
				14BECC25C32D412C2DB15599 /* FileScanner.swift */,
				FACADE000000000000000005 /* CleanupSuggestions.swift */,
				FACADE000000000000000009 /* SmartCleanupClassifier.swift */,
				FACADE00000000000000000D /* CleanupQuery.swift */,
				FACADE00000000000000000F /* IntentPlanner.swift */,
				FACADE000000000000000013 /* DuplicateFinder.swift */,
				FACADE00000000000000001F /* LocalAI.swift */,
				FACADE000000000000000023 /* MLXRunner.swift */,
				FACADE000000000000000025 /* HiddenSpace.swift */,
				FACADE000000000000000029 /* FileKind.swift */,
				FACADE00000000000000002D /* LargeOldFiles.swift */,
				FACADE000000000000000031 /* FileSearch.swift */,
				FACADE000000000000000035 /* AppUninstaller.swift */,
				FACADE000000000000000039 /* FolderExplainer.swift */,
				7926B52A79D2A820F25AF809 /* DeletionService.swift */,
			);
			path = Engine;
			sourceTree = "<group>";
		};
		5F5F62128C67BA8480F01135 /* Products */ = {
			isa = PBXGroup;
			children = (
				123BE699CC4659B27483C5FA /* StorageOptimizer.app */,
				79C1D1444458486D1635EA98 /* StorageOptimizerTests.xctest */,
			);
			name = Products;
			sourceTree = "<group>";
		};
		667ABA863B3913976CF3E7D1 /* ViewModel */ = {
			isa = PBXGroup;
			children = (
				A2EF1450DA7F131DAE378539 /* ScanViewModel.swift */,
			);
			path = ViewModel;
			sourceTree = "<group>";
		};
		6F04C43A3A13FE3CFD9EF543 /* Model */ = {
			isa = PBXGroup;
			children = (
				9ACF3D7AE52318FAB11AFC24 /* FileNode.swift */,
			);
			path = Model;
			sourceTree = "<group>";
		};
		F86139F245933C74CEB7A394 /* StorageOptimizer */ = {
			isa = PBXGroup;
			children = (
				52D17682C03471DB6FE5BAC9 /* DebugAutomation.swift */,
				FACADE00000000000000003B /* FinderService.swift */,
				6420CDE63EFE0F46919442BC /* Info.plist */,
				D4949ABD498D6E2BD6A2FBCD /* StorageOptimizer-Bridging-Header.h */,
				4D9B500016263ACA4BF78C4B /* StorageOptimizer.entitlements */,
				C5954AC735E1A8256EDFDE1D /* StorageOptimizerApp.swift */,
				37CD2902C3894C33E82EE1D4 /* Engine */,
				6F04C43A3A13FE3CFD9EF543 /* Model */,
				667ABA863B3913976CF3E7D1 /* ViewModel */,
				1E0810F2D332F34A057AA734 /* Views */,
			);
			path = StorageOptimizer;
			sourceTree = "<group>";
		};
/* End PBXGroup section */

/* Begin PBXFrameworksBuildPhase section */
		FACADE000000000000000110 /* Frameworks */ = {
			isa = PBXFrameworksBuildPhase;
			buildActionMask = 2147483647;
			files = (
				FACADE000000000000000111 /* MLXLLM in Frameworks */,
				FACADE000000000000000112 /* MLXLMCommon in Frameworks */,
			);
			runOnlyForDeploymentPostprocessing = 0;
		};
/* End PBXFrameworksBuildPhase section */

/* Begin PBXNativeTarget section */
		59466466AA65229C3DE4171F /* StorageOptimizer */ = {
			isa = PBXNativeTarget;
			buildConfigurationList = 265F36D6363AB13664EF9E1B /* Build configuration list for PBXNativeTarget "StorageOptimizer" */;
			buildPhases = (
				28DA5A5BBDB727D10E12FD62 /* Sources */,
				FACADE000000000000000110 /* Frameworks */,
			);
			buildRules = (
			);
			dependencies = (
			);
			name = StorageOptimizer;
			packageProductDependencies = (
				FACADE000000000000000101 /* MLXLLM */,
				FACADE000000000000000102 /* MLXLMCommon */,
			);
			productName = StorageOptimizer;
			productReference = 123BE699CC4659B27483C5FA /* StorageOptimizer.app */;
			productType = "com.apple.product-type.application";
		};
		99C55DFA4F10731DE1844AD5 /* StorageOptimizerTests */ = {
			isa = PBXNativeTarget;
			buildConfigurationList = 730435EB53223909EC601B59 /* Build configuration list for PBXNativeTarget "StorageOptimizerTests" */;
			buildPhases = (
				D38D7FF6B9F3C7103FDD204A /* Sources */,
			);
			buildRules = (
			);
			dependencies = (
				A5BA1D5066E4B075653D403D /* PBXTargetDependency */,
			);
			name = StorageOptimizerTests;
			packageProductDependencies = (
			);
			productName = StorageOptimizerTests;
			productReference = 79C1D1444458486D1635EA98 /* StorageOptimizerTests.xctest */;
			productType = "com.apple.product-type.bundle.unit-test";
		};
/* End PBXNativeTarget section */

/* Begin PBXProject section */
		18ABA8804E1728C9F6F6602D /* Project object */ = {
			isa = PBXProject;
			attributes = {
				BuildIndependentTargetsInParallel = YES;
				LastUpgradeCheck = 2650;
				TargetAttributes = {
					59466466AA65229C3DE4171F = {
						DevelopmentTeam = "";
						ProvisioningStyle = Automatic;
					};
					99C55DFA4F10731DE1844AD5 = {
						DevelopmentTeam = "";
						ProvisioningStyle = Automatic;
					};
				};
			};
			buildConfigurationList = 0730558EDCDA3E8192A6DC8D /* Build configuration list for PBXProject "StorageOptimizer" */;
			developmentRegion = en;
			hasScannedForEncodings = 0;
			knownRegions = (
				Base,
				en,
			);
			mainGroup = 169D8B8E62A6EC830C871F5C;
			minimizedProjectReferenceProxies = 1;
			packageReferences = (
				FACADE000000000000000100 /* XCRemoteSwiftPackageReference "mlx-swift-examples" */,
			);
			preferredProjectObjectVersion = 77;
			productRefGroup = 5F5F62128C67BA8480F01135 /* Products */;
			projectDirPath = "";
			projectRoot = "";
			targets = (
				59466466AA65229C3DE4171F /* StorageOptimizer */,
				99C55DFA4F10731DE1844AD5 /* StorageOptimizerTests */,
			);
		};
/* End PBXProject section */

/* Begin PBXSourcesBuildPhase section */
		28DA5A5BBDB727D10E12FD62 /* Sources */ = {
			isa = PBXSourcesBuildPhase;
			buildActionMask = 2147483647;
			files = (
				D0A4691F818CD85261FE23E1 /* BulkDirScanner.swift in Sources */,
				90D0AECEE8DAE38C1F5E301E /* BulkReader.c in Sources */,
				C7C1B88B99DBF460C480265D /* ContentView.swift in Sources */,
				FACADE000000000000000002 /* CollectorDock.swift in Sources */,
				FACADE000000000000000004 /* StorageSources.swift in Sources */,
				FACADE000000000000000006 /* CleanupSuggestions.swift in Sources */,
				FACADE000000000000000008 /* CleanupSuggestionsView.swift in Sources */,
				FACADE00000000000000000A /* SmartCleanupClassifier.swift in Sources */,
				FACADE00000000000000000E /* CleanupQuery.swift in Sources */,
				FACADE000000000000000010 /* IntentPlanner.swift in Sources */,
				FACADE000000000000000012 /* NaturalLanguageCleanupView.swift in Sources */,
				FACADE000000000000000014 /* DuplicateFinder.swift in Sources */,
				FACADE000000000000000020 /* LocalAI.swift in Sources */,
				FACADE000000000000000022 /* CleanupActionBar.swift in Sources */,
				FACADE000000000000000024 /* MLXRunner.swift in Sources */,
				FACADE000000000000000026 /* HiddenSpace.swift in Sources */,
				FACADE000000000000000028 /* HiddenSpaceView.swift in Sources */,
				FACADE00000000000000002A /* FileKind.swift in Sources */,
				FACADE00000000000000002C /* ByKindView.swift in Sources */,
				FACADE00000000000000002E /* LargeOldFiles.swift in Sources */,
				FACADE000000000000000030 /* LargeOldFilesView.swift in Sources */,
				FACADE000000000000000032 /* FileSearch.swift in Sources */,
				FACADE000000000000000034 /* FileSearchView.swift in Sources */,
				FACADE000000000000000036 /* AppUninstaller.swift in Sources */,
				FACADE000000000000000038 /* AppUninstallerView.swift in Sources */,
				FACADE00000000000000003A /* FolderExplainer.swift in Sources */,
				FACADE00000000000000003C /* FinderService.swift in Sources */,
				FACADE000000000000000018 /* PremiumUI.swift in Sources */,
				FACADE00000000000000001A /* DuplicateFinderView.swift in Sources */,
				FACADE00000000000000001C /* SmartSuggestionsView.swift in Sources */,
				B2D1E7189A4AACB33905A70A /* DebugAutomation.swift in Sources */,
				AD90F8F4C988E9F06DDAB873 /* FileNode.swift in Sources */,
				0C3CC5F272C51E2D497C0B54 /* FileScanner.swift in Sources */,
				31FAFF8A0D0CDF349F90577F /* GlassSurfaces.swift in Sources */,
				60ADFADC631518C7D4917629 /* InspectorView.swift in Sources */,
				0311A37FE2C7BF19F55948FA /* ScanViewModel.swift in Sources */,
				A3AA97208A6C81E052A0ECBB /* Sidebar.swift in Sources */,
				B40DF85044A12E2F7076BB03 /* StorageOptimizerApp.swift in Sources */,
				0547D783C2969C03E9AE4A9B /* SunburstChart.swift in Sources */,
				7D339ADA7F390D9F34F7A4D1 /* Theme.swift in Sources */,
				66464E106EA850FA6B7F855F /* DeletionService.swift in Sources */,
			);
			runOnlyForDeploymentPostprocessing = 0;
		};
		D38D7FF6B9F3C7103FDD204A /* Sources */ = {
			isa = PBXSourcesBuildPhase;
			buildActionMask = 2147483647;
			files = (
				DF1F9DB8C555F6BC447DC4C0 /* EngineTests.swift in Sources */,
				BDD3789B507C4EBF852E55AF /* LayoutTests.swift in Sources */,
				63BDE4AC31181AF946BB6324 /* ViewModelTests.swift in Sources */,
			);
			runOnlyForDeploymentPostprocessing = 0;
		};
/* End PBXSourcesBuildPhase section */

/* Begin PBXTargetDependency section */
		A5BA1D5066E4B075653D403D /* PBXTargetDependency */ = {
			isa = PBXTargetDependency;
			target = 59466466AA65229C3DE4171F /* StorageOptimizer */;
			targetProxy = 104C69DAB25A91DE3F5C19B4 /* PBXContainerItemProxy */;
		};
/* End PBXTargetDependency section */

/* Begin XCBuildConfiguration section */
		52030EFDF0CE64A84BE23C98 /* Debug */ = {
			isa = XCBuildConfiguration;
			buildSettings = {
				ALWAYS_SEARCH_USER_PATHS = NO;
				ASSETCATALOG_COMPILER_GENERATE_SWIFT_ASSET_SYMBOL_EXTENSIONS = YES;
				CLANG_ANALYZER_NONNULL = YES;
				CLANG_ANALYZER_NUMBER_OBJECT_CONVERSION = YES_AGGRESSIVE;
				CLANG_CXX_LANGUAGE_STANDARD = "gnu++14";
				CLANG_CXX_LIBRARY = "libc++";
				CLANG_ENABLE_MODULES = YES;
				CLANG_ENABLE_OBJC_ARC = YES;
				CLANG_ENABLE_OBJC_WEAK = YES;
				CLANG_WARN_BLOCK_CAPTURE_AUTORELEASING = YES;
				CLANG_WARN_BOOL_CONVERSION = YES;
				CLANG_WARN_COMMA = YES;
				CLANG_WARN_CONSTANT_CONVERSION = YES;
				CLANG_WARN_DEPRECATED_OBJC_IMPLEMENTATIONS = YES;
				CLANG_WARN_DIRECT_OBJC_ISA_USAGE = YES_ERROR;
				CLANG_WARN_DOCUMENTATION_COMMENTS = YES;
				CLANG_WARN_EMPTY_BODY = YES;
				CLANG_WARN_ENUM_CONVERSION = YES;
				CLANG_WARN_INFINITE_RECURSION = YES;
				CLANG_WARN_INT_CONVERSION = YES;
				CLANG_WARN_NON_LITERAL_NULL_CONVERSION = YES;
				CLANG_WARN_OBJC_IMPLICIT_RETAIN_SELF = YES;
				CLANG_WARN_OBJC_LITERAL_CONVERSION = YES;
				CLANG_WARN_OBJC_ROOT_CLASS = YES_ERROR;
				CLANG_WARN_QUOTED_INCLUDE_IN_FRAMEWORK_HEADER = YES;
				CLANG_WARN_RANGE_LOOP_ANALYSIS = YES;
				CLANG_WARN_STRICT_PROTOTYPES = YES;
				CLANG_WARN_SUSPICIOUS_MOVE = YES;
				CLANG_WARN_UNGUARDED_AVAILABILITY = YES_AGGRESSIVE;
				CLANG_WARN_UNREACHABLE_CODE = YES;
				CLANG_WARN__DUPLICATE_METHOD_MATCH = YES;
				COPY_PHASE_STRIP = NO;
				DEAD_CODE_STRIPPING = YES;
				DEBUG_INFORMATION_FORMAT = dwarf;
				ENABLE_STRICT_OBJC_MSGSEND = YES;
				ENABLE_TESTABILITY = YES;
				ENABLE_USER_SCRIPT_SANDBOXING = YES;
				GCC_C_LANGUAGE_STANDARD = gnu11;
				GCC_DYNAMIC_NO_PIC = NO;
				GCC_NO_COMMON_BLOCKS = YES;
				GCC_OPTIMIZATION_LEVEL = 0;
				GCC_PREPROCESSOR_DEFINITIONS = (
					"$(inherited)",
					"DEBUG=1",
				);
				GCC_WARN_64_TO_32_BIT_CONVERSION = YES;
				GCC_WARN_ABOUT_RETURN_TYPE = YES_ERROR;
				GCC_WARN_UNDECLARED_SELECTOR = YES;
				GCC_WARN_UNINITIALIZED_AUTOS = YES_AGGRESSIVE;
				GCC_WARN_UNUSED_FUNCTION = YES;
				GCC_WARN_UNUSED_VARIABLE = YES;
				MACOSX_DEPLOYMENT_TARGET = 26.0;
				MTL_ENABLE_DEBUG_INFO = INCLUDE_SOURCE;
				MTL_FAST_MATH = YES;
				ONLY_ACTIVE_ARCH = YES;
				PRODUCT_NAME = "$(TARGET_NAME)";
				SDKROOT = macosx;
				STRING_CATALOG_GENERATE_SYMBOLS = YES;
				SWIFT_ACTIVE_COMPILATION_CONDITIONS = DEBUG;
				SWIFT_OPTIMIZATION_LEVEL = "-Onone";
				SWIFT_VERSION = 6.0;
			};
			name = Debug;
		};
		5A37C43F2C7D5A83A556C635 /* Debug */ = {
			isa = XCBuildConfiguration;
			buildSettings = {
				BUNDLE_LOADER = "$(TEST_HOST)";
				CODE_SIGN_STYLE = Automatic;
				COMBINE_HIDPI_IMAGES = YES;
				DEAD_CODE_STRIPPING = YES;
				DEVELOPMENT_TEAM = "";
				GENERATE_INFOPLIST_FILE = YES;
				LD_RUNPATH_SEARCH_PATHS = (
					"$(inherited)",
					"@executable_path/../Frameworks",
					"@loader_path/../Frameworks",
				);
				MACOSX_DEPLOYMENT_TARGET = 26.0;
				PRODUCT_BUNDLE_IDENTIFIER = com.abdwy.StorageOptimizerTests;
				SDKROOT = macosx;
				SWIFT_VERSION = 6.0;
				TEST_HOST = "$(BUILT_PRODUCTS_DIR)/StorageOptimizer.app/Contents/MacOS/StorageOptimizer";
			};
			name = Debug;
		};
		5AE71E509340C77970EF81A5 /* Release */ = {
			isa = XCBuildConfiguration;
			buildSettings = {
				ALWAYS_SEARCH_USER_PATHS = NO;
				ASSETCATALOG_COMPILER_GENERATE_SWIFT_ASSET_SYMBOL_EXTENSIONS = YES;
				CLANG_ANALYZER_NONNULL = YES;
				CLANG_ANALYZER_NUMBER_OBJECT_CONVERSION = YES_AGGRESSIVE;
				CLANG_CXX_LANGUAGE_STANDARD = "gnu++14";
				CLANG_CXX_LIBRARY = "libc++";
				CLANG_ENABLE_MODULES = YES;
				CLANG_ENABLE_OBJC_ARC = YES;
				CLANG_ENABLE_OBJC_WEAK = YES;
				CLANG_WARN_BLOCK_CAPTURE_AUTORELEASING = YES;
				CLANG_WARN_BOOL_CONVERSION = YES;
				CLANG_WARN_COMMA = YES;
				CLANG_WARN_CONSTANT_CONVERSION = YES;
				CLANG_WARN_DEPRECATED_OBJC_IMPLEMENTATIONS = YES;
				CLANG_WARN_DIRECT_OBJC_ISA_USAGE = YES_ERROR;
				CLANG_WARN_DOCUMENTATION_COMMENTS = YES;
				CLANG_WARN_EMPTY_BODY = YES;
				CLANG_WARN_ENUM_CONVERSION = YES;
				CLANG_WARN_INFINITE_RECURSION = YES;
				CLANG_WARN_INT_CONVERSION = YES;
				CLANG_WARN_NON_LITERAL_NULL_CONVERSION = YES;
				CLANG_WARN_OBJC_IMPLICIT_RETAIN_SELF = YES;
				CLANG_WARN_OBJC_LITERAL_CONVERSION = YES;
				CLANG_WARN_OBJC_ROOT_CLASS = YES_ERROR;
				CLANG_WARN_QUOTED_INCLUDE_IN_FRAMEWORK_HEADER = YES;
				CLANG_WARN_RANGE_LOOP_ANALYSIS = YES;
				CLANG_WARN_STRICT_PROTOTYPES = YES;
				CLANG_WARN_SUSPICIOUS_MOVE = YES;
				CLANG_WARN_UNGUARDED_AVAILABILITY = YES_AGGRESSIVE;
				CLANG_WARN_UNREACHABLE_CODE = YES;
				CLANG_WARN__DUPLICATE_METHOD_MATCH = YES;
				COPY_PHASE_STRIP = NO;
				DEAD_CODE_STRIPPING = YES;
				DEBUG_INFORMATION_FORMAT = "dwarf-with-dsym";
				ENABLE_NS_ASSERTIONS = NO;
				ENABLE_STRICT_OBJC_MSGSEND = YES;
				ENABLE_USER_SCRIPT_SANDBOXING = YES;
				GCC_C_LANGUAGE_STANDARD = gnu11;
				GCC_NO_COMMON_BLOCKS = YES;
				GCC_WARN_64_TO_32_BIT_CONVERSION = YES;
				GCC_WARN_ABOUT_RETURN_TYPE = YES_ERROR;
				GCC_WARN_UNDECLARED_SELECTOR = YES;
				GCC_WARN_UNINITIALIZED_AUTOS = YES_AGGRESSIVE;
				GCC_WARN_UNUSED_FUNCTION = YES;
				GCC_WARN_UNUSED_VARIABLE = YES;
				MACOSX_DEPLOYMENT_TARGET = 26.0;
				MTL_ENABLE_DEBUG_INFO = NO;
				MTL_FAST_MATH = YES;
				PRODUCT_NAME = "$(TARGET_NAME)";
				SDKROOT = macosx;
				STRING_CATALOG_GENERATE_SYMBOLS = YES;
				SWIFT_COMPILATION_MODE = wholemodule;
				SWIFT_OPTIMIZATION_LEVEL = "-O";
				SWIFT_VERSION = 6.0;
			};
			name = Release;
		};
		739BE65A5DD44A1E87D3D771 /* Debug */ = {
			isa = XCBuildConfiguration;
			buildSettings = {
				ASSETCATALOG_COMPILER_APPICON_NAME = AppIcon;
				CODE_SIGN_ENTITLEMENTS = StorageOptimizer/StorageOptimizer.entitlements;
				CODE_SIGN_STYLE = Automatic;
				COMBINE_HIDPI_IMAGES = YES;
				DEAD_CODE_STRIPPING = YES;
				DEBUG_INFORMATION_FORMAT = dwarf;
				DEVELOPMENT_TEAM = "";
				ENABLE_APP_SANDBOX = NO;
				ENABLE_HARDENED_RUNTIME = YES;
				ENABLE_TESTABILITY = YES;
				GCC_OPTIMIZATION_LEVEL = 3;
				INFOPLIST_FILE = StorageOptimizer/Info.plist;
				LD_RUNPATH_SEARCH_PATHS = (
					"$(inherited)",
					"@executable_path/../Frameworks",
				);
				MACOSX_DEPLOYMENT_TARGET = 26.0;
				PRODUCT_BUNDLE_IDENTIFIER = com.abdwy.StorageOptimizer;
				SDKROOT = macosx;
				SWIFT_OBJC_BRIDGING_HEADER = "StorageOptimizer/StorageOptimizer-Bridging-Header.h";
				SWIFT_OPTIMIZATION_LEVEL = "-Onone";
				SWIFT_VERSION = 6.0;
			};
			name = Debug;
		};
		A90BC88AD3A47D3D81B007AC /* Release */ = {
			isa = XCBuildConfiguration;
			buildSettings = {
				ASSETCATALOG_COMPILER_APPICON_NAME = AppIcon;
				CODE_SIGN_ENTITLEMENTS = StorageOptimizer/StorageOptimizer.entitlements;
				CODE_SIGN_STYLE = Automatic;
				COMBINE_HIDPI_IMAGES = YES;
				DEAD_CODE_STRIPPING = YES;
				DEBUG_INFORMATION_FORMAT = "dwarf-with-dsym";
				DEVELOPMENT_TEAM = "";
				ENABLE_APP_SANDBOX = NO;
				ENABLE_HARDENED_RUNTIME = YES;
				GCC_OPTIMIZATION_LEVEL = 3;
				INFOPLIST_FILE = StorageOptimizer/Info.plist;
				LD_RUNPATH_SEARCH_PATHS = (
					"$(inherited)",
					"@executable_path/../Frameworks",
				);
				MACOSX_DEPLOYMENT_TARGET = 26.0;
				PRODUCT_BUNDLE_IDENTIFIER = com.abdwy.StorageOptimizer;
				SDKROOT = macosx;
				SWIFT_OBJC_BRIDGING_HEADER = "StorageOptimizer/StorageOptimizer-Bridging-Header.h";
				SWIFT_OPTIMIZATION_LEVEL = "-O";
				SWIFT_VERSION = 6.0;
			};
			name = Release;
		};
		BDFE408C6E179B8DD87BDB0F /* Release */ = {
			isa = XCBuildConfiguration;
			buildSettings = {
				BUNDLE_LOADER = "$(TEST_HOST)";
				CODE_SIGN_STYLE = Automatic;
				COMBINE_HIDPI_IMAGES = YES;
				DEAD_CODE_STRIPPING = YES;
				DEVELOPMENT_TEAM = "";
				GENERATE_INFOPLIST_FILE = YES;
				LD_RUNPATH_SEARCH_PATHS = (
					"$(inherited)",
					"@executable_path/../Frameworks",
					"@loader_path/../Frameworks",
				);
				MACOSX_DEPLOYMENT_TARGET = 26.0;
				PRODUCT_BUNDLE_IDENTIFIER = com.abdwy.StorageOptimizerTests;
				SDKROOT = macosx;
				SWIFT_VERSION = 6.0;
				TEST_HOST = "$(BUILT_PRODUCTS_DIR)/StorageOptimizer.app/Contents/MacOS/StorageOptimizer";
			};
			name = Release;
		};
/* End XCBuildConfiguration section */

/* Begin XCConfigurationList section */
		0730558EDCDA3E8192A6DC8D /* Build configuration list for PBXProject "StorageOptimizer" */ = {
			isa = XCConfigurationList;
			buildConfigurations = (
				52030EFDF0CE64A84BE23C98 /* Debug */,
				5AE71E509340C77970EF81A5 /* Release */,
			);
			defaultConfigurationIsVisible = 0;
			defaultConfigurationName = Debug;
		};
		265F36D6363AB13664EF9E1B /* Build configuration list for PBXNativeTarget "StorageOptimizer" */ = {
			isa = XCConfigurationList;
			buildConfigurations = (
				739BE65A5DD44A1E87D3D771 /* Debug */,
				A90BC88AD3A47D3D81B007AC /* Release */,
			);
			defaultConfigurationIsVisible = 0;
			defaultConfigurationName = Debug;
		};
		730435EB53223909EC601B59 /* Build configuration list for PBXNativeTarget "StorageOptimizerTests" */ = {
			isa = XCConfigurationList;
			buildConfigurations = (
				5A37C43F2C7D5A83A556C635 /* Debug */,
				BDFE408C6E179B8DD87BDB0F /* Release */,
			);
			defaultConfigurationIsVisible = 0;
			defaultConfigurationName = Debug;
		};
/* End XCConfigurationList section */

/* Begin XCRemoteSwiftPackageReference section */
		FACADE000000000000000100 /* XCRemoteSwiftPackageReference "mlx-swift-examples" */ = {
			isa = XCRemoteSwiftPackageReference;
			repositoryURL = "https://github.com/ml-explore/mlx-swift-examples.git";
			requirement = {
				kind = upToNextMajorVersion;
				minimumVersion = 2.29.1;
			};
		};
/* End XCRemoteSwiftPackageReference section */

/* Begin XCSwiftPackageProductDependency section */
		FACADE000000000000000101 /* MLXLLM */ = {
			isa = XCSwiftPackageProductDependency;
			package = FACADE000000000000000100 /* XCRemoteSwiftPackageReference "mlx-swift-examples" */;
			productName = MLXLLM;
		};
		FACADE000000000000000102 /* MLXLMCommon */ = {
			isa = XCSwiftPackageProductDependency;
			package = FACADE000000000000000100 /* XCRemoteSwiftPackageReference "mlx-swift-examples" */;
			productName = MLXLMCommon;
		};
/* End XCSwiftPackageProductDependency section */
	};
	rootObject = 18ABA8804E1728C9F6F6602D /* Project object */;
}
